
Microsoft Visual Studio Solution File, Format Version 12.00
# Visual Studio 14
VisualStudioVersion = 14.0.24720.0
MinimumVisualStudioVersion = 10.0.40219.1
Project("{FAE04EC0-301F-11D3-BF4B-00C04F79EFBC}") = "RussianRoulette1", "RussianRoulette1\RussianRoulette1.csproj", "{A31DCD6C-6B7A-4AA8-B5CC-64094898518E}"
EndProject
Project("{FAE04EC0-301F-11D3-BF4B-00C04F79EFBC}") = "Uni tTest Ran Num", "UnitTestProject1\Uni tTest Ran Num.csproj", "{EF2525DB-424E-4E36-8C84-A4C0DF0BC5F4}"
EndProject
Project("{FAE04EC0-301F-11D3-BF4B-00C04F79EFBC}") = "UnitTest Ran Num Equals ShootAway", "UnitTest Ran Num Equals ShootAway\UnitTest Ran Num Equals ShootAway.csproj", "{9F8F0D49-9471-4C69-8797-D5DADB1568FC}"
EndProject
Global
	GlobalSection(SolutionConfigurationPlatforms) = preSolution
		Debug|Any CPU = Debug|Any CPU
		Release|Any CPU = Release|Any CPU
	EndGlobalSection
	GlobalSection(ProjectConfigurationPlatforms) = postSolution
		{A31DCD6C-6B7A-4AA8-B5CC-64094898518E}.Debug|Any CPU.ActiveCfg = Debug|Any CPU
		{A31DCD6C-6B7A-4AA8-B5CC-64094898518E}.Debug|Any CPU.Build.0 = Debug|Any CPU
		{A31DCD6C-6B7A-4AA8-B5CC-64094898518E}.Release|Any CPU.ActiveCfg = Release|Any CPU
		{A31DCD6C-6B7A-4AA8-B5CC-64094898518E}.Release|Any CPU.Build.0 = Release|Any CPU
		{EF2525DB-424E-4E36-8C84-A4C0DF0BC5F4}.Debug|Any CPU.ActiveCfg = Debug|Any CPU
		{EF2525DB-424E-4E36-8C84-A4C0DF0BC5F4}.Debug|Any CPU.Build.0 = Debug|Any CPU
		{EF2525DB-424E-4E36-8C84-A4C0DF0BC5F4}.Release|Any CPU.ActiveCfg = Release|Any CPU
		{EF2525DB-424E-4E36-8C84-A4C0DF0BC5F4}.Release|Any CPU.Build.0 = Release|Any CPU
		{9F8F0D49-9471-4C69-8797-D5DADB1568FC}.Debug|Any CPU.ActiveCfg = Debug|Any CPU
		{9F8F0D49-9471-4C69-8797-D5DADB1568FC}.Debug|Any CPU.Build.0 = Debug|Any CPU
		{9F8F0D49-9471-4C69-8797-D5DADB1568FC}.Release|Any CPU.ActiveCfg = Release|Any CPU
		{9F8F0D49-9471-4C69-8797-D5DADB1568FC}.Release|Any CPU.Build.0 = Release|Any CPU
	EndGlobalSection
	GlobalSection(SolutionProperties) = preSolution
		HideSolutionNode = FALSE
	EndGlobalSection
EndGlobal
